// !$*UTF8*$!
{
	archiveVersion = 1;
	classes = {
	};
	objectVersion = 55;
	objects = {

/* Begin PBXBuildFile section */
		6F1EFDFA28429A1B00CD9142 /* AppDelegate.swift in Sources */ = {isa = PBXBuildFile; fileRef = 6F1EFDF928429A1B00CD9142 /* AppDelegate.swift */; };
		6F1EFDFC28429A1B00CD9142 /* SceneDelegate.swift in Sources */ = {isa = PBXBuildFile; fileRef = 6F1EFDFB28429A1B00CD9142 /* SceneDelegate.swift */; };
		6F1EFDFE28429A1B00CD9142 /* ViewController.swift in Sources */ = {isa = PBXBuildFile; fileRef = 6F1EFDFD28429A1B00CD9142 /* ViewController.swift */; };
		6F1EFE0328429A1C00CD9142 /* Assets.xcassets in Resources */ = {isa = PBXBuildFile; fileRef = 6F1EFE0228429A1C00CD9142 /* Assets.xcassets */; };
		6F1EFE0628429A1C00CD9142 /* LaunchScreen.storyboard in Resources */ = {isa = PBXBuildFile; fileRef = 6F1EFE0428429A1C00CD9142 /* LaunchScreen.storyboard */; };
		6F1EFE0E2842A80400CD9142 /* LaunchViewController.swift in Sources */ = {isa = PBXBuildFile; fileRef = 6F1EFE0D2842A80400CD9142 /* LaunchViewController.swift */; };
		6F3982BF28548ED5004E07BD /* TextFieldCell.swift in Sources */ = {isa = PBXBuildFile; fileRef = 6F3982BE28548ED5004E07BD /* TextFieldCell.swift */; };
		6F656B672854783F00AC2EB3 /* LoginViewController.swift in Sources */ = {isa = PBXBuildFile; fileRef = 6F656B662854783F00AC2EB3 /* LoginViewController.swift */; };
		6F656B6A285478D800AC2EB3 /* Constants.swift in Sources */ = {isa = PBXBuildFile; fileRef = 6F656B69285478D800AC2EB3 /* Constants.swift */; };
		6F656B6D28547C0800AC2EB3 /* LogoView.swift in Sources */ = {isa = PBXBuildFile; fileRef = 6F656B6C28547C0800AC2EB3 /* LogoView.swift */; };
		6F656B6F2854838B00AC2EB3 /* CustomTextFieldView.swift in Sources */ = {isa = PBXBuildFile; fileRef = 6F656B6E2854838B00AC2EB3 /* CustomTextFieldView.swift */; };
		6F656B722854890200AC2EB3 /* TextFieldModel.swift in Sources */ = {isa = PBXBuildFile; fileRef = 6F656B712854890200AC2EB3 /* TextFieldModel.swift */; };
		6F6772E72874A3E00091F3C7 /* ButtonCell.swift in Sources */ = {isa = PBXBuildFile; fileRef = 6F6772E62874A3E00091F3C7 /* ButtonCell.swift */; };
		6F6772E92874B5910091F3C7 /* ButtonModel.swift in Sources */ = {isa = PBXBuildFile; fileRef = 6F6772E82874B5910091F3C7 /* ButtonModel.swift */; };
		6FFD1BB5285D11E2006AF216 /* Extension.swift in Sources */ = {isa = PBXBuildFile; fileRef = 6FFD1BB4285D11E2006AF216 /* Extension.swift */; };
		6FFE104F28566A7F00D2FDCA /* ButtonView.swift in Sources */ = {isa = PBXBuildFile; fileRef = 6FFE104E28566A7F00D2FDCA /* ButtonView.swift */; };
		85E88DAEAAF8104B82580F05 /* Pods_Coffe_Now_App.framework in Frameworks */ = {isa = PBXBuildFile; fileRef = 0D7346607A462AAEC166AC1D /* Pods_Coffe_Now_App.framework */; };
/* End PBXBuildFile section */

/* Begin PBXFileReference section */
		0D7346607A462AAEC166AC1D /* Pods_Coffe_Now_App.framework */ = {isa = PBXFileReference; explicitFileType = wrapper.framework; includeInIndex = 0; path = Pods_Coffe_Now_App.framework; sourceTree = BUILT_PRODUCTS_DIR; };
		17FF2129BB9F0FBBC88BB4BF /* Pods-Coffe Now App.debug.xcconfig */ = {isa = PBXFileReference; includeInIndex = 1; lastKnownFileType = text.xcconfig; name = "Pods-Coffe Now App.debug.xcconfig"; path = "Target Support Files/Pods-Coffe Now App/Pods-Coffe Now App.debug.xcconfig"; sourceTree = "<group>"; };
		6F1EFDF628429A1B00CD9142 /* Coffe Now App.app */ = {isa = PBXFileReference; explicitFileType = wrapper.application; includeInIndex = 0; path = "Coffe Now App.app"; sourceTree = BUILT_PRODUCTS_DIR; };
		6F1EFDF928429A1B00CD9142 /* AppDelegate.swift */ = {isa = PBXFileReference; lastKnownFileType = sourcecode.swift; path = AppDelegate.swift; sourceTree = "<group>"; };
		6F1EFDFB28429A1B00CD9142 /* SceneDelegate.swift */ = {isa = PBXFileReference; lastKnownFileType = sourcecode.swift; path = SceneDelegate.swift; sourceTree = "<group>"; };
		6F1EFDFD28429A1B00CD9142 /* ViewController.swift */ = {isa = PBXFileReference; lastKnownFileType = sourcecode.swift; path = ViewController.swift; sourceTree = "<group>"; };
		6F1EFE0228429A1C00CD9142 /* Assets.xcassets */ = {isa = PBXFileReference; lastKnownFileType = folder.assetcatalog; path = Assets.xcassets; sourceTree = "<group>"; };
		6F1EFE0528429A1C00CD9142 /* Base */ = {isa = PBXFileReference; lastKnownFileType = file.storyboard; name = Base; path = Base.lproj/LaunchScreen.storyboard; sourceTree = "<group>"; };
		6F1EFE0728429A1D00CD9142 /* Info.plist */ = {isa = PBXFileReference; lastKnownFileType = text.plist.xml; path = Info.plist; sourceTree = "<group>"; };
		6F1EFE0D2842A80400CD9142 /* LaunchViewController.swift */ = {isa = PBXFileReference; lastKnownFileType = sourcecode.swift; path = LaunchViewController.swift; sourceTree = "<group>"; };
		6F3982BE28548ED5004E07BD /* TextFieldCell.swift */ = {isa = PBXFileReference; lastKnownFileType = sourcecode.swift; path = TextFieldCell.swift; sourceTree = "<group>"; };
		6F656B662854783F00AC2EB3 /* LoginViewController.swift */ = {isa = PBXFileReference; lastKnownFileType = sourcecode.swift; path = LoginViewController.swift; sourceTree = "<group>"; };
		6F656B69285478D800AC2EB3 /* Constants.swift */ = {isa = PBXFileReference; lastKnownFileType = sourcecode.swift; path = Constants.swift; sourceTree = "<group>"; };
		6F656B6C28547C0800AC2EB3 /* LogoView.swift */ = {isa = PBXFileReference; lastKnownFileType = sourcecode.swift; path = LogoView.swift; sourceTree = "<group>"; };
		6F656B6E2854838B00AC2EB3 /* CustomTextFieldView.swift */ = {isa = PBXFileReference; lastKnownFileType = sourcecode.swift; path = CustomTextFieldView.swift; sourceTree = "<group>"; };
		6F656B712854890200AC2EB3 /* TextFieldModel.swift */ = {isa = PBXFileReference; lastKnownFileType = sourcecode.swift; path = TextFieldModel.swift; sourceTree = "<group>"; };
		6F6772E62874A3E00091F3C7 /* ButtonCell.swift */ = {isa = PBXFileReference; lastKnownFileType = sourcecode.swift; path = ButtonCell.swift; sourceTree = "<group>"; };
		6F6772E82874B5910091F3C7 /* ButtonModel.swift */ = {isa = PBXFileReference; lastKnownFileType = sourcecode.swift; path = ButtonModel.swift; sourceTree = "<group>"; };
		6FFD1BB4285D11E2006AF216 /* Extension.swift */ = {isa = PBXFileReference; lastKnownFileType = sourcecode.swift; path = Extension.swift; sourceTree = "<group>"; };
		6FFE104E28566A7F00D2FDCA /* ButtonView.swift */ = {isa = PBXFileReference; lastKnownFileType = sourcecode.swift; path = ButtonView.swift; sourceTree = "<group>"; };
		C9B41313ADC589E86F17F2CE /* Pods-Coffe Now App.release.xcconfig */ = {isa = PBXFileReference; includeInIndex = 1; lastKnownFileType = text.xcconfig; name = "Pods-Coffe Now App.release.xcconfig"; path = "Target Support Files/Pods-Coffe Now App/Pods-Coffe Now App.release.xcconfig"; sourceTree = "<group>"; };
/* End PBXFileReference section */

/* Begin PBXFrameworksBuildPhase section */
		6F1EFDF328429A1B00CD9142 /* Frameworks */ = {
			isa = PBXFrameworksBuildPhase;
			buildActionMask = 2147483647;
			files = (
				85E88DAEAAF8104B82580F05 /* Pods_Coffe_Now_App.framework in Frameworks */,
			);
			runOnlyForDeploymentPostprocessing = 0;
		};
/* End PBXFrameworksBuildPhase section */

/* Begin PBXGroup section */
		6F1EFDED28429A1B00CD9142 = {
			isa = PBXGroup;
			children = (
				6F1EFDF828429A1B00CD9142 /* Coffe Now App */,
				6F1EFDF728429A1B00CD9142 /* Products */,
				9C60287A8130AAC73D1964C1 /* Pods */,
				708FECA5957950D00C10746D /* Frameworks */,
			);
			sourceTree = "<group>";
		};
		6F1EFDF728429A1B00CD9142 /* Products */ = {
			isa = PBXGroup;
			children = (
				6F1EFDF628429A1B00CD9142 /* Coffe Now App.app */,
			);
			name = Products;
			sourceTree = "<group>";
		};
		6F1EFDF828429A1B00CD9142 /* Coffe Now App */ = {
			isa = PBXGroup;
			children = (
				6F656B70285488DD00AC2EB3 /* Model */,
				6F656B6B28547BF400AC2EB3 /* CustomVIews */,
				6F656B68285478CE00AC2EB3 /* Utils */,
				6F656B65285476EE00AC2EB3 /* LoginPage */,
				6F1EFDF928429A1B00CD9142 /* AppDelegate.swift */,
				6F1EFDFB28429A1B00CD9142 /* SceneDelegate.swift */,
				6F1EFDFD28429A1B00CD9142 /* ViewController.swift */,
				6F1EFE0228429A1C00CD9142 /* Assets.xcassets */,
				6F1EFE0428429A1C00CD9142 /* LaunchScreen.storyboard */,
				6F1EFE0728429A1D00CD9142 /* Info.plist */,
				6F1EFE0D2842A80400CD9142 /* LaunchViewController.swift */,
			);
			path = "Coffe Now App";
			sourceTree = "<group>";
		};
		6F656B65285476EE00AC2EB3 /* LoginPage */ = {
			isa = PBXGroup;
			children = (
				6F656B662854783F00AC2EB3 /* LoginViewController.swift */,
				6F3982BE28548ED5004E07BD /* TextFieldCell.swift */,
				6F6772E62874A3E00091F3C7 /* ButtonCell.swift */,
			);
			path = LoginPage;
			sourceTree = "<group>";
		};
		6F656B68285478CE00AC2EB3 /* Utils */ = {
			isa = PBXGroup;
			children = (
				6F656B69285478D800AC2EB3 /* Constants.swift */,
				6FFD1BB4285D11E2006AF216 /* Extension.swift */,
			);
			path = Utils;
			sourceTree = "<group>";
		};
		6F656B6B28547BF400AC2EB3 /* CustomVIews */ = {
			isa = PBXGroup;
			children = (
				6F656B6C28547C0800AC2EB3 /* LogoView.swift */,
				6F656B6E2854838B00AC2EB3 /* CustomTextFieldView.swift */,
				6FFE104E28566A7F00D2FDCA /* ButtonView.swift */,
			);
			path = CustomVIews;
			sourceTree = "<group>";
		};
		6F656B70285488DD00AC2EB3 /* Model */ = {
			isa = PBXGroup;
			children = (
				6F656B712854890200AC2EB3 /* TextFieldModel.swift */,
				6F6772E82874B5910091F3C7 /* ButtonModel.swift */,
			);
			path = Model;
			sourceTree = "<group>";
		};
		708FECA5957950D00C10746D /* Frameworks */ = {
			isa = PBXGroup;
			children = (
				0D7346607A462AAEC166AC1D /* Pods_Coffe_Now_App.framework */,
			);
			name = Frameworks;
			sourceTree = "<group>";
		};
		9C60287A8130AAC73D1964C1 /* Pods */ = {
			isa = PBXGroup;
			children = (
				17FF2129BB9F0FBBC88BB4BF /* Pods-Coffe Now App.debug.xcconfig */,
				C9B41313ADC589E86F17F2CE /* Pods-Coffe Now App.release.xcconfig */,
			);
			path = Pods;
			sourceTree = "<group>";
		};
/* End PBXGroup section */

/* Begin PBXNativeTarget section */
		6F1EFDF528429A1B00CD9142 /* Coffe Now App */ = {
			isa = PBXNativeTarget;
			buildConfigurationList = 6F1EFE0A28429A1D00CD9142 /* Build configuration list for PBXNativeTarget "Coffe Now App" */;
			buildPhases = (
				0EF1753CC2F16E4FEE0A1E0F /* [CP] Check Pods Manifest.lock */,
				6F1EFDF228429A1B00CD9142 /* Sources */,
				6F1EFDF328429A1B00CD9142 /* Frameworks */,
				6F1EFDF428429A1B00CD9142 /* Resources */,
				8F4DB67E022B936AED4596D5 /* [CP] Embed Pods Frameworks */,
			);
			buildRules = (
			);
			dependencies = (
			);
			name = "Coffe Now App";
			productName = "Coffe Now App";
			productReference = 6F1EFDF628429A1B00CD9142 /* Coffe Now App.app */;
			productType = "com.apple.product-type.application";
		};
/* End PBXNativeTarget section */

/* Begin PBXProject section */
		6F1EFDEE28429A1B00CD9142 /* Project object */ = {
			isa = PBXProject;
			attributes = {
				BuildIndependentTargetsInParallel = 1;
				LastSwiftUpdateCheck = 1340;
				LastUpgradeCheck = 1340;
				TargetAttributes = {
					6F1EFDF528429A1B00CD9142 = {
						CreatedOnToolsVersion = 13.4;
					};
				};
			};
			buildConfigurationList = 6F1EFDF128429A1B00CD9142 /* Build configuration list for PBXProject "Coffe Now App" */;
			compatibilityVersion = "Xcode 13.0";
			developmentRegion = en;
			hasScannedForEncodings = 0;
			knownRegions = (
				en,
				Base,
			);
			mainGroup = 6F1EFDED28429A1B00CD9142;
			productRefGroup = 6F1EFDF728429A1B00CD9142 /* Products */;
			projectDirPath = "";
			projectRoot = "";
			targets = (
				6F1EFDF528429A1B00CD9142 /* Coffe Now App */,
			);
		};
/* End PBXProject section */

/* Begin PBXResourcesBuildPhase section */
		6F1EFDF428429A1B00CD9142 /* Resources */ = {
			isa = PBXResourcesBuildPhase;
			buildActionMask = 2147483647;
			files = (
				6F1EFE0628429A1C00CD9142 /* LaunchScreen.storyboard in Resources */,
				6F1EFE0328429A1C00CD9142 /* Assets.xcassets in Resources */,
			);
			runOnlyForDeploymentPostprocessing = 0;
		};
/* End PBXResourcesBuildPhase section */

/* Begin PBXShellScriptBuildPhase section */
		0EF1753CC2F16E4FEE0A1E0F /* [CP] Check Pods Manifest.lock */ = {
			isa = PBXShellScriptBuildPhase;
			buildActionMask = 2147483647;
			files = (
			);
			inputFileListPaths = (
			);
			inputPaths = (
				"${PODS_PODFILE_DIR_PATH}/Podfile.lock",
				"${PODS_ROOT}/Manifest.lock",
			);
			name = "[CP] Check Pods Manifest.lock";
			outputFileListPaths = (
			);
			outputPaths = (
				"$(DERIVED_FILE_DIR)/Pods-Coffe Now App-checkManifestLockResult.txt",
			);
			runOnlyForDeploymentPostprocessing = 0;
			shellPath = /bin/sh;
			shellScript = "diff \"${PODS_PODFILE_DIR_PATH}/Podfile.lock\" \"${PODS_ROOT}/Manifest.lock\" > /dev/null\nif [ $? != 0 ] ; then\n    # print error to STDERR\n    echo \"error: The sandbox is not in sync with the Podfile.lock. Run 'pod install' or update your CocoaPods installation.\" >&2\n    exit 1\nfi\n# This output is used by Xcode 'outputs' to avoid re-running this script phase.\necho \"SUCCESS\" > \"${SCRIPT_OUTPUT_FILE_0}\"\n";
			showEnvVarsInLog = 0;
		};
		8F4DB67E022B936AED4596D5 /* [CP] Embed Pods Frameworks */ = {
			isa = PBXShellScriptBuildPhase;
			buildActionMask = 2147483647;
			files = (
			);
			inputFileListPaths = (
				"${PODS_ROOT}/Target Support Files/Pods-Coffe Now App/Pods-Coffe Now App-frameworks-${CONFIGURATION}-input-files.xcfilelist",
			);
			name = "[CP] Embed Pods Frameworks";
			outputFileListPaths = (
				"${PODS_ROOT}/Target Support Files/Pods-Coffe Now App/Pods-Coffe Now App-frameworks-${CONFIGURATION}-output-files.xcfilelist",
			);
			runOnlyForDeploymentPostprocessing = 0;
			shellPath = /bin/sh;
			shellScript = "\"${PODS_ROOT}/Target Support Files/Pods-Coffe Now App/Pods-Coffe Now App-frameworks.sh\"\n";
			showEnvVarsInLog = 0;
		};
/* End PBXShellScriptBuildPhase section */

/* Begin PBXSourcesBuildPhase section */
		6F1EFDF228429A1B00CD9142 /* Sources */ = {
			isa = PBXSourcesBuildPhase;
			buildActionMask = 2147483647;
			files = (
				6F1EFDFE28429A1B00CD9142 /* ViewController.swift in Sources */,
				6F6772E72874A3E00091F3C7 /* ButtonCell.swift in Sources */,
				6F1EFDFA28429A1B00CD9142 /* AppDelegate.swift in Sources */,
				6F1EFDFC28429A1B00CD9142 /* SceneDelegate.swift in Sources */,
				6FFD1BB5285D11E2006AF216 /* Extension.swift in Sources */,
				6F656B722854890200AC2EB3 /* TextFieldModel.swift in Sources */,
				6F656B6F2854838B00AC2EB3 /* CustomTextFieldView.swift in Sources */,
				6F6772E92874B5910091F3C7 /* ButtonModel.swift in Sources */,
				6F656B6A285478D800AC2EB3 /* Constants.swift in Sources */,
				6FFE104F28566A7F00D2FDCA /* ButtonView.swift in Sources */,
				6F656B6D28547C0800AC2EB3 /* LogoView.swift in Sources */,
				6F656B672854783F00AC2EB3 /* LoginViewController.swift in Sources */,
				6F1EFE0E2842A80400CD9142 /* LaunchViewController.swift in Sources */,
				6F3982BF28548ED5004E07BD /* TextFieldCell.swift in Sources */,
			);
			runOnlyForDeploymentPostprocessing = 0;
		};
/* End PBXSourcesBuildPhase section */

/* Begin PBXVariantGroup section */
		6F1EFE0428429A1C00CD9142 /* LaunchScreen.storyboard */ = {
			isa = PBXVariantGroup;
			children = (
				6F1EFE0528429A1C00CD9142 /* Base */,
			);
			name = LaunchScreen.storyboard;
			sourceTree = "<group>";
		};
/* End PBXVariantGroup section */

/* Begin XCBuildConfiguration section */
		6F1EFE0828429A1D00CD9142 /* Debug */ = {
			isa = XCBuildConfiguration;
			buildSettings = {
				ALWAYS_SEARCH_USER_PATHS = NO;
				CLANG_ANALYZER_NONNULL = YES;
				CLANG_ANALYZER_NUMBER_OBJECT_CONVERSION = YES_AGGRESSIVE;
				CLANG_CXX_LANGUAGE_STANDARD = "gnu++17";
				CLANG_ENABLE_MODULES = YES;
				CLANG_ENABLE_OBJC_ARC = YES;
				CLANG_ENABLE_OBJC_WEAK = YES;
				CLANG_WARN_BLOCK_CAPTURE_AUTORELEASING = YES;
				CLANG_WARN_BOOL_CONVERSION = YES;
				CLANG_WARN_COMMA = YES;
				CLANG_WARN_CONSTANT_CONVERSION = YES;
				CLANG_WARN_DEPRECATED_OBJC_IMPLEMENTATIONS = YES;
				CLANG_WARN_DIRECT_OBJC_ISA_USAGE = YES_ERROR;
				CLANG_WARN_DOCUMENTATION_COMMENTS = YES;
				CLANG_WARN_EMPTY_BODY = YES;
				CLANG_WARN_ENUM_CONVERSION = YES;
				CLANG_WARN_INFINITE_RECURSION = YES;
				CLANG_WARN_INT_CONVERSION = YES;
				CLANG_WARN_NON_LITERAL_NULL_CONVERSION = YES;
				CLANG_WARN_OBJC_IMPLICIT_RETAIN_SELF = YES;
				CLANG_WARN_OBJC_LITERAL_CONVERSION = YES;
				CLANG_WARN_OBJC_ROOT_CLASS = YES_ERROR;
				CLANG_WARN_QUOTED_INCLUDE_IN_FRAMEWORK_HEADER = YES;
				CLANG_WARN_RANGE_LOOP_ANALYSIS = YES;
				CLANG_WARN_STRICT_PROTOTYPES = YES;
				CLANG_WARN_SUSPICIOUS_MOVE = YES;
				CLANG_WARN_UNGUARDED_AVAILABILITY = YES_AGGRESSIVE;
				CLANG_WARN_UNREACHABLE_CODE = YES;
				CLANG_WARN__DUPLICATE_METHOD_MATCH = YES;
				COPY_PHASE_STRIP = NO;
				DEBUG_INFORMATION_FORMAT = dwarf;
				ENABLE_STRICT_OBJC_MSGSEND = YES;
				ENABLE_TESTABILITY = YES;
				GCC_C_LANGUAGE_STANDARD = gnu11;
				GCC_DYNAMIC_NO_PIC = NO;
				GCC_NO_COMMON_BLOCKS = YES;
				GCC_OPTIMIZATION_LEVEL = 0;
				GCC_PREPROCESSOR_DEFINITIONS = (
					"DEBUG=1",
					"$(inherited)",
				);
				GCC_WARN_64_TO_32_BIT_CONVERSION = YES;
				GCC_WARN_ABOUT_RETURN_TYPE = YES_ERROR;
				GCC_WARN_UNDECLARED_SELECTOR = YES;
				GCC_WARN_UNINITIALIZED_AUTOS = YES_AGGRESSIVE;
				GCC_WARN_UNUSED_FUNCTION = YES;
				GCC_WARN_UNUSED_VARIABLE = YES;
				IPHONEOS_DEPLOYMENT_TARGET = 15.5;
				MTL_ENABLE_DEBUG_INFO = INCLUDE_SOURCE;
				MTL_FAST_MATH = YES;
				ONLY_ACTIVE_ARCH = YES;
				SDKROOT = iphoneos;
				SWIFT_ACTIVE_COMPILATION_CONDITIONS = DEBUG;
				SWIFT_OPTIMIZATION_LEVEL = "-Onone";
			};
			name = Debug;
		};
		6F1EFE0928429A1D00CD9142 /* Release */ = {
			isa = XCBuildConfiguration;
			buildSettings = {
				ALWAYS_SEARCH_USER_PATHS = NO;
				CLANG_ANALYZER_NONNULL = YES;
				CLANG_ANALYZER_NUMBER_OBJECT_CONVERSION = YES_AGGRESSIVE;
				CLANG_CXX_LANGUAGE_STANDARD = "gnu++17";
				CLANG_ENABLE_MODULES = YES;
				CLANG_ENABLE_OBJC_ARC = YES;
				CLANG_ENABLE_OBJC_WEAK = YES;
				CLANG_WARN_BLOCK_CAPTURE_AUTORELEASING = YES;
				CLANG_WARN_BOOL_CONVERSION = YES;
				CLANG_WARN_COMMA = YES;
				CLANG_WARN_CONSTANT_CONVERSION = YES;
				CLANG_WARN_DEPRECATED_OBJC_IMPLEMENTATIONS = YES;
				CLANG_WARN_DIRECT_OBJC_ISA_USAGE = YES_ERROR;
				CLANG_WARN_DOCUMENTATION_COMMENTS = YES;
				CLANG_WARN_EMPTY_BODY = YES;
				CLANG_WARN_ENUM_CONVERSION = YES;
				CLANG_WARN_INFINITE_RECURSION = YES;
				CLANG_WARN_INT_CONVERSION = YES;
				CLANG_WARN_NON_LITERAL_NULL_CONVERSION = YES;
				CLANG_WARN_OBJC_IMPLICIT_RETAIN_SELF = YES;
				CLANG_WARN_OBJC_LITERAL_CONVERSION = YES;
				CLANG_WARN_OBJC_ROOT_CLASS = YES_ERROR;
				CLANG_WARN_QUOTED_INCLUDE_IN_FRAMEWORK_HEADER = YES;
				CLANG_WARN_RANGE_LOOP_ANALYSIS = YES;
				CLANG_WARN_STRICT_PROTOTYPES = YES;
				CLANG_WARN_SUSPICIOUS_MOVE = YES;
				CLANG_WARN_UNGUARDED_AVAILABILITY = YES_AGGRESSIVE;
				CLANG_WARN_UNREACHABLE_CODE = YES;
				CLANG_WARN__DUPLICATE_METHOD_MATCH = YES;
				COPY_PHASE_STRIP = NO;
				DEBUG_INFORMATION_FORMAT = "dwarf-with-dsym";
				ENABLE_NS_ASSERTIONS = NO;
				ENABLE_STRICT_OBJC_MSGSEND = YES;
				GCC_C_LANGUAGE_STANDARD = gnu11;
				GCC_NO_COMMON_BLOCKS = YES;
				GCC_WARN_64_TO_32_BIT_CONVERSION = YES;
				GCC_WARN_ABOUT_RETURN_TYPE = YES_ERROR;
				GCC_WARN_UNDECLARED_SELECTOR = YES;
				GCC_WARN_UNINITIALIZED_AUTOS = YES_AGGRESSIVE;
				GCC_WARN_UNUSED_FUNCTION = YES;
				GCC_WARN_UNUSED_VARIABLE = YES;
				IPHONEOS_DEPLOYMENT_TARGET = 15.5;
				MTL_ENABLE_DEBUG_INFO = NO;
				MTL_FAST_MATH = YES;
				SDKROOT = iphoneos;
				SWIFT_COMPILATION_MODE = wholemodule;
				SWIFT_OPTIMIZATION_LEVEL = "-O";
				VALIDATE_PRODUCT = YES;
			};
			name = Release;
		};
		6F1EFE0B28429A1D00CD9142 /* Debug */ = {
			isa = XCBuildConfiguration;
			baseConfigurationReference = 17FF2129BB9F0FBBC88BB4BF /* Pods-Coffe Now App.debug.xcconfig */;
			buildSettings = {
				ASSETCATALOG_COMPILER_APPICON_NAME = AppIcon;
				ASSETCATALOG_COMPILER_GLOBAL_ACCENT_COLOR_NAME = AccentColor;
				CODE_SIGN_STYLE = Automatic;
				CURRENT_PROJECT_VERSION = 1;
				DEVELOPMENT_TEAM = 3ZF69856DC;
				GENERATE_INFOPLIST_FILE = YES;
				INFOPLIST_FILE = "Coffe Now App/Info.plist";
				INFOPLIST_KEY_UIApplicationSupportsIndirectInputEvents = YES;
				INFOPLIST_KEY_UILaunchStoryboardName = LaunchScreen;
				INFOPLIST_KEY_UISupportedInterfaceOrientations_iPad = "UIInterfaceOrientationPortrait UIInterfaceOrientationPortraitUpsideDown UIInterfaceOrientationLandscapeLeft UIInterfaceOrientationLandscapeRight";
				INFOPLIST_KEY_UISupportedInterfaceOrientations_iPhone = "UIInterfaceOrientationPortrait UIInterfaceOrientationLandscapeLeft UIInterfaceOrientationLandscapeRight";
				LD_RUNPATH_SEARCH_PATHS = (
					"$(inherited)",
					"@executable_path/Frameworks",
				);
				MARKETING_VERSION = 1.0;
				PRODUCT_BUNDLE_IDENTIFIER = "Firdavs.com.Coffe-Now-App";
				PRODUCT_NAME = "$(TARGET_NAME)";
				SWIFT_EMIT_LOC_STRINGS = YES;
				SWIFT_VERSION = 5.0;
				TARGETED_DEVICE_FAMILY = "1,2";
			};
			name = Debug;
		};
		6F1EFE0C28429A1D00CD9142 /* Release */ = {
			isa = XCBuildConfiguration;
			baseConfigurationReference = C9B41313ADC589E86F17F2CE /* Pods-Coffe Now App.release.xcconfig */;
			buildSettings = {
				ASSETCATALOG_COMPILER_APPICON_NAME = AppIcon;
				ASSETCATALOG_COMPILER_GLOBAL_ACCENT_COLOR_NAME = AccentColor;
				CODE_SIGN_STYLE = Automatic;
				CURRENT_PROJECT_VERSION = 1;
				DEVELOPMENT_TEAM = 3ZF69856DC;
				GENERATE_INFOPLIST_FILE = YES;
				INFOPLIST_FILE = "Coffe Now App/Info.plist";
				INFOPLIST_KEY_UIApplicationSupportsIndirectInputEvents = YES;
				INFOPLIST_KEY_UILaunchStoryboardName = LaunchScreen;
				INFOPLIST_KEY_UISupportedInterfaceOrientations_iPad = "UIInterfaceOrientationPortrait UIInterfaceOrientationPortraitUpsideDown UIInterfaceOrientationLandscapeLeft UIInterfaceOrientationLandscapeRight";
				INFOPLIST_KEY_UISupportedInterfaceOrientations_iPhone = "UIInterfaceOrientationPortrait UIInterfaceOrientationLandscapeLeft UIInterfaceOrientationLandscapeRight";
				LD_RUNPATH_SEARCH_PATHS = (
					"$(inherited)",
					"@executable_path/Frameworks",
				);
				MARKETING_VERSION = 1.0;
				PRODUCT_BUNDLE_IDENTIFIER = "Firdavs.com.Coffe-Now-App";
				PRODUCT_NAME = "$(TARGET_NAME)";
				SWIFT_EMIT_LOC_STRINGS = YES;
				SWIFT_VERSION = 5.0;
				TARGETED_DEVICE_FAMILY = "1,2";
			};
			name = Release;
		};
/* End XCBuildConfiguration section */

/* Begin XCConfigurationList section */
		6F1EFDF128429A1B00CD9142 /* Build configuration list for PBXProject "Coffe Now App" */ = {
			isa = XCConfigurationList;
			buildConfigurations = (
				6F1EFE0828429A1D00CD9142 /* Debug */,
				6F1EFE0928429A1D00CD9142 /* Release */,
			);
			defaultConfigurationIsVisible = 0;
			defaultConfigurationName = Release;
		};
		6F1EFE0A28429A1D00CD9142 /* Build configuration list for PBXNativeTarget "Coffe Now App" */ = {
			isa = XCConfigurationList;
			buildConfigurations = (
				6F1EFE0B28429A1D00CD9142 /* Debug */,
				6F1EFE0C28429A1D00CD9142 /* Release */,
			);
			defaultConfigurationIsVisible = 0;
			defaultConfigurationName = Release;
		};
/* End XCConfigurationList section */
	};
	rootObject = 6F1EFDEE28429A1B00CD9142 /* Project object */;
}
